PODS:
  - BaiduMapKit (6.4.0):
    - BaiduMapKit/Base (= 6.4.0)
    - BaiduMapKit/Map (= 6.4.0)
    - BaiduMapKit/Search (= 6.4.0)
    - BaiduMapKit/Utils (= 6.4.0)
  - BaiduMapKit/Base (6.4.0)
  - BaiduMapKit/Map (6.4.0):
    - BaiduMapKit/Base
  - BaiduMapKit/Search (6.4.0):
    - BaiduMapKit/Base
  - BaiduMapKit/Utils (6.4.0):
    - BaiduMapKit/Base

DEPENDENCIES:
  - BaiduMapKit

SPEC REPOS:
  trunk:
    - BaiduMapKit

SPEC CHECKSUMS:
  BaiduMapKit: e6b88411085c2f2c4346c8d3bdb2f05f21064790

PODFILE CHECKSUM: 18236b57f8f43cb1bbbddb2542804d9fb9970d97

COCOAPODS: 1.8.3
